
Microsoft Visual Studio Solution File, Format Version 12.00
# Visual Studio Version 17
VisualStudioVersion = 17.5.33414.496
MinimumVisualStudioVersion = 10.0.40219.1
Project("{9A19103F-16F7-4668-BE54-9A1E7A4F7556}") = "CRUDExample", "CRUDExample\CRUDExample.csproj", "{718A50F3-065C-4FE1-B2A1-E753B4D3A6AD}"
EndProject
Project("{9A19103F-16F7-4668-BE54-9A1E7A4F7556}") = "Entities", "Entities\Entities.csproj", "{5E288473-B256-4CA6-B94B-37D001B0FF60}"
EndProject
Project("{9A19103F-16F7-4668-BE54-9A1E7A4F7556}") = "ServiceContracts", "ServiceContracts\ServiceContracts.csproj", "{77D7A058-710D-4439-AD53-5BD9E1185B8D}"
EndProject
Project("{9A19103F-16F7-4668-BE54-9A1E7A4F7556}") = "Tests", "Tests\Tests.csproj", "{F0934108-1CBB-4EC3-BB71-E9009285BC33}"
EndProject
Project("{9A19103F-16F7-4668-BE54-9A1E7A4F7556}") = "Services", "Services\Services.csproj", "{1C5A0776-4E41-468B-8C29-468B24BDC612}"
EndProject
Project("{FAE04EC0-301F-11D3-BF4B-00C04F79EFBC}") = "RepositoryContracts", "RepositoryContracts\RepositoryContracts.csproj", "{01A27267-93BB-4162-BF3A-7B2789618CD0}"
EndProject
Project("{FAE04EC0-301F-11D3-BF4B-00C04F79EFBC}") = "Repositories", "Repositories\Repositories.csproj", "{C6AB7416-EA8A-4FF1-A38C-3664D57695DA}"
EndProject
Global
	GlobalSection(SolutionConfigurationPlatforms) = preSolution
		Debug|Any CPU = Debug|Any CPU
		Release|Any CPU = Release|Any CPU
	EndGlobalSection
	GlobalSection(ProjectConfigurationPlatforms) = postSolution
		{718A50F3-065C-4FE1-B2A1-E753B4D3A6AD}.Debug|Any CPU.ActiveCfg = Debug|Any CPU
		{718A50F3-065C-4FE1-B2A1-E753B4D3A6AD}.Debug|Any CPU.Build.0 = Debug|Any CPU
		{718A50F3-065C-4FE1-B2A1-E753B4D3A6AD}.Release|Any CPU.ActiveCfg = Release|Any CPU
		{718A50F3-065C-4FE1-B2A1-E753B4D3A6AD}.Release|Any CPU.Build.0 = Release|Any CPU
		{5E288473-B256-4CA6-B94B-37D001B0FF60}.Debug|Any CPU.ActiveCfg = Debug|Any CPU
		{5E288473-B256-4CA6-B94B-37D001B0FF60}.Debug|Any CPU.Build.0 = Debug|Any CPU
		{5E288473-B256-4CA6-B94B-37D001B0FF60}.Release|Any CPU.ActiveCfg = Release|Any CPU
		{5E288473-B256-4CA6-B94B-37D001B0FF60}.Release|Any CPU.Build.0 = Release|Any CPU
		{77D7A058-710D-4439-AD53-5BD9E1185B8D}.Debug|Any CPU.ActiveCfg = Debug|Any CPU
		{77D7A058-710D-4439-AD53-5BD9E1185B8D}.Debug|Any CPU.Build.0 = Debug|Any CPU
		{77D7A058-710D-4439-AD53-5BD9E1185B8D}.Release|Any CPU.ActiveCfg = Release|Any CPU
		{77D7A058-710D-4439-AD53-5BD9E1185B8D}.Release|Any CPU.Build.0 = Release|Any CPU
		{F0934108-1CBB-4EC3-BB71-E9009285BC33}.Debug|Any CPU.ActiveCfg = Debug|Any CPU
		{F0934108-1CBB-4EC3-BB71-E9009285BC33}.Debug|Any CPU.Build.0 = Debug|Any CPU
		{F0934108-1CBB-4EC3-BB71-E9009285BC33}.Release|Any CPU.ActiveCfg = Release|Any CPU
		{F0934108-1CBB-4EC3-BB71-E9009285BC33}.Release|Any CPU.Build.0 = Release|Any CPU
		{1C5A0776-4E41-468B-8C29-468B24BDC612}.Debug|Any CPU.ActiveCfg = Debug|Any CPU
		{1C5A0776-4E41-468B-8C29-468B24BDC612}.Debug|Any CPU.Build.0 = Debug|Any CPU
		{1C5A0776-4E41-468B-8C29-468B24BDC612}.Release|Any CPU.ActiveCfg = Release|Any CPU
		{1C5A0776-4E41-468B-8C29-468B24BDC612}.Release|Any CPU.Build.0 = Release|Any CPU
		{01A27267-93BB-4162-BF3A-7B2789618CD0}.Debug|Any CPU.ActiveCfg = Debug|Any CPU
		{01A27267-93BB-4162-BF3A-7B2789618CD0}.Debug|Any CPU.Build.0 = Debug|Any CPU
		{01A27267-93BB-4162-BF3A-7B2789618CD0}.Release|Any CPU.ActiveCfg = Release|Any CPU
		{01A27267-93BB-4162-BF3A-7B2789618CD0}.Release|Any CPU.Build.0 = Release|Any CPU
		{C6AB7416-EA8A-4FF1-A38C-3664D57695DA}.Debug|Any CPU.ActiveCfg = Debug|Any CPU
		{C6AB7416-EA8A-4FF1-A38C-3664D57695DA}.Debug|Any CPU.Build.0 = Debug|Any CPU
		{C6AB7416-EA8A-4FF1-A38C-3664D57695DA}.Release|Any CPU.ActiveCfg = Release|Any CPU
		{C6AB7416-EA8A-4FF1-A38C-3664D57695DA}.Release|Any CPU.Build.0 = Release|Any CPU
	EndGlobalSection
	GlobalSection(SolutionProperties) = preSolution
		HideSolutionNode = FALSE
	EndGlobalSection
	GlobalSection(ExtensibilityGlobals) = postSolution
		SolutionGuid = {64C61EFB-5049-4C01-9833-B34E88CCB15C}
	EndGlobalSection
EndGlobal
